
Microsoft Visual Studio Solution File, Format Version 12.00
# Visual Studio Version 17
VisualStudioVersion = 17.5.33209.295
MinimumVisualStudioVersion = 10.0.40219.1
Project("{2150E333-8FDC-42A3-9474-1A3956D46DE8}") = "Core", "Core", "{BA7A2530-9968-48FD-B5CA-CC1D8391DA20}"
EndProject
Project("{2150E333-8FDC-42A3-9474-1A3956D46DE8}") = "Infrastructure", "Infrastructure", "{4B51ED81-0D0A-4F23-B39E-34227CD4730F}"
EndProject
Project("{2150E333-8FDC-42A3-9474-1A3956D46DE8}") = "Test", "Test", "{C193D2E7-51FD-437B-8373-A8F043FCD806}"
EndProject
Project("{2150E333-8FDC-42A3-9474-1A3956D46DE8}") = "Host", "Host", "{AE689AB1-FE59-4A3A-9719-019C34585012}"
EndProject
Project("{9A19103F-16F7-4668-BE54-9A1E7A4F7556}") = "Application", "Application\Application.csproj", "{978E6DA9-BBB4-4FF3-87D8-2F888DCD9020}"
EndProject
Project("{9A19103F-16F7-4668-BE54-9A1E7A4F7556}") = "Domain", "Domain\Domain.csproj", "{50222A84-E219-4588-858C-EC903E3B3FF7}"
EndProject
Project("{9A19103F-16F7-4668-BE54-9A1E7A4F7556}") = "Applicaiton.Test", "Applicaiton.Test\Applicaiton.Test.csproj", "{E9879550-18C0-4657-BD2D-2BF85C1E5E8C}"
EndProject
Project("{9A19103F-16F7-4668-BE54-9A1E7A4F7556}") = "Infrastructure.Test", "Infrastructure.Test\Infrastructure.Test.csproj", "{8CA3F0FE-5D3F-4DC9-895E-B85A0BA35F37}"
EndProject
Project("{9A19103F-16F7-4668-BE54-9A1E7A4F7556}") = "LMS.IntegrationTest", "LMS.IntegrationTest\LMS.IntegrationTest.csproj", "{06C97ADA-1043-45BA-A4A6-321A97CD7166}"
EndProject
Project("{FAE04EC0-301F-11D3-BF4B-00C04F79EFBC}") = "LMSWebApi", "LMSWebApi\LMSWebApi.csproj", "{6D8DE83A-3353-41B8-8B31-31BAA09A4E4A}"
EndProject
Project("{FAE04EC0-301F-11D3-BF4B-00C04F79EFBC}") = "Infrastructure.Persistence", "Infrastructure.Persistence\Infrastructure.Persistence.csproj", "{0C816186-CE4A-4EC3-929C-DECD82465CC3}"
EndProject
Project("{FAE04EC0-301F-11D3-BF4B-00C04F79EFBC}") = "Infrastructure.Shared", "Infrastructure.Shared\Infrastructure.Shared.csproj", "{C0EFF3ED-CBD0-46DB-84DB-1345BCBBEECC}"
EndProject
Global
	GlobalSection(SolutionConfigurationPlatforms) = preSolution
		Debug|Any CPU = Debug|Any CPU
		Release|Any CPU = Release|Any CPU
	EndGlobalSection
	GlobalSection(ProjectConfigurationPlatforms) = postSolution
		{978E6DA9-BBB4-4FF3-87D8-2F888DCD9020}.Debug|Any CPU.ActiveCfg = Debug|Any CPU
		{978E6DA9-BBB4-4FF3-87D8-2F888DCD9020}.Debug|Any CPU.Build.0 = Debug|Any CPU
		{978E6DA9-BBB4-4FF3-87D8-2F888DCD9020}.Release|Any CPU.ActiveCfg = Release|Any CPU
		{978E6DA9-BBB4-4FF3-87D8-2F888DCD9020}.Release|Any CPU.Build.0 = Release|Any CPU
		{50222A84-E219-4588-858C-EC903E3B3FF7}.Debug|Any CPU.ActiveCfg = Debug|Any CPU
		{50222A84-E219-4588-858C-EC903E3B3FF7}.Debug|Any CPU.Build.0 = Debug|Any CPU
		{50222A84-E219-4588-858C-EC903E3B3FF7}.Release|Any CPU.ActiveCfg = Release|Any CPU
		{50222A84-E219-4588-858C-EC903E3B3FF7}.Release|Any CPU.Build.0 = Release|Any CPU
		{E9879550-18C0-4657-BD2D-2BF85C1E5E8C}.Debug|Any CPU.ActiveCfg = Debug|Any CPU
		{E9879550-18C0-4657-BD2D-2BF85C1E5E8C}.Debug|Any CPU.Build.0 = Debug|Any CPU
		{E9879550-18C0-4657-BD2D-2BF85C1E5E8C}.Release|Any CPU.ActiveCfg = Release|Any CPU
		{E9879550-18C0-4657-BD2D-2BF85C1E5E8C}.Release|Any CPU.Build.0 = Release|Any CPU
		{8CA3F0FE-5D3F-4DC9-895E-B85A0BA35F37}.Debug|Any CPU.ActiveCfg = Debug|Any CPU
		{8CA3F0FE-5D3F-4DC9-895E-B85A0BA35F37}.Debug|Any CPU.Build.0 = Debug|Any CPU
		{8CA3F0FE-5D3F-4DC9-895E-B85A0BA35F37}.Release|Any CPU.ActiveCfg = Release|Any CPU
		{8CA3F0FE-5D3F-4DC9-895E-B85A0BA35F37}.Release|Any CPU.Build.0 = Release|Any CPU
		{06C97ADA-1043-45BA-A4A6-321A97CD7166}.Debug|Any CPU.ActiveCfg = Debug|Any CPU
		{06C97ADA-1043-45BA-A4A6-321A97CD7166}.Debug|Any CPU.Build.0 = Debug|Any CPU
		{06C97ADA-1043-45BA-A4A6-321A97CD7166}.Release|Any CPU.ActiveCfg = Release|Any CPU
		{06C97ADA-1043-45BA-A4A6-321A97CD7166}.Release|Any CPU.Build.0 = Release|Any CPU
		{6D8DE83A-3353-41B8-8B31-31BAA09A4E4A}.Debug|Any CPU.ActiveCfg = Debug|Any CPU
		{6D8DE83A-3353-41B8-8B31-31BAA09A4E4A}.Debug|Any CPU.Build.0 = Debug|Any CPU
		{6D8DE83A-3353-41B8-8B31-31BAA09A4E4A}.Release|Any CPU.ActiveCfg = Release|Any CPU
		{6D8DE83A-3353-41B8-8B31-31BAA09A4E4A}.Release|Any CPU.Build.0 = Release|Any CPU
		{0C816186-CE4A-4EC3-929C-DECD82465CC3}.Debug|Any CPU.ActiveCfg = Debug|Any CPU
		{0C816186-CE4A-4EC3-929C-DECD82465CC3}.Debug|Any CPU.Build.0 = Debug|Any CPU
		{0C816186-CE4A-4EC3-929C-DECD82465CC3}.Release|Any CPU.ActiveCfg = Release|Any CPU
		{0C816186-CE4A-4EC3-929C-DECD82465CC3}.Release|Any CPU.Build.0 = Release|Any CPU
		{C0EFF3ED-CBD0-46DB-84DB-1345BCBBEECC}.Debug|Any CPU.ActiveCfg = Debug|Any CPU
		{C0EFF3ED-CBD0-46DB-84DB-1345BCBBEECC}.Debug|Any CPU.Build.0 = Debug|Any CPU
		{C0EFF3ED-CBD0-46DB-84DB-1345BCBBEECC}.Release|Any CPU.ActiveCfg = Release|Any CPU
		{C0EFF3ED-CBD0-46DB-84DB-1345BCBBEECC}.Release|Any CPU.Build.0 = Release|Any CPU
	EndGlobalSection
	GlobalSection(SolutionProperties) = preSolution
		HideSolutionNode = FALSE
	EndGlobalSection
	GlobalSection(NestedProjects) = preSolution
		{978E6DA9-BBB4-4FF3-87D8-2F888DCD9020} = {BA7A2530-9968-48FD-B5CA-CC1D8391DA20}
		{50222A84-E219-4588-858C-EC903E3B3FF7} = {BA7A2530-9968-48FD-B5CA-CC1D8391DA20}
		{E9879550-18C0-4657-BD2D-2BF85C1E5E8C} = {C193D2E7-51FD-437B-8373-A8F043FCD806}
		{8CA3F0FE-5D3F-4DC9-895E-B85A0BA35F37} = {C193D2E7-51FD-437B-8373-A8F043FCD806}
		{06C97ADA-1043-45BA-A4A6-321A97CD7166} = {C193D2E7-51FD-437B-8373-A8F043FCD806}
		{6D8DE83A-3353-41B8-8B31-31BAA09A4E4A} = {AE689AB1-FE59-4A3A-9719-019C34585012}
		{0C816186-CE4A-4EC3-929C-DECD82465CC3} = {4B51ED81-0D0A-4F23-B39E-34227CD4730F}
		{C0EFF3ED-CBD0-46DB-84DB-1345BCBBEECC} = {4B51ED81-0D0A-4F23-B39E-34227CD4730F}
	EndGlobalSection
	GlobalSection(ExtensibilityGlobals) = postSolution
		SolutionGuid = {24601110-8EF0-4063-8CB6-00FD4881ADF2}
	EndGlobalSection
EndGlobal
